
Microsoft Visual Studio Solution File, Format Version 12.00
# Visual Studio Version 17
VisualStudioVersion = 17.13.35919.96
MinimumVisualStudioVersion = 10.0.40219.1
Project("{FAE04EC0-301F-11D3-BF4B-00C04F79EFBC}") = "DiaryApp", "DiaryApp\DiaryApp.csproj", "{C2E0650A-AA12-496E-A479-38756DBEFE82}"
EndProject
Global
	GlobalSection(SolutionConfigurationPlatforms) = preSolution
		Debug|Any CPU = Debug|Any CPU
		Release|Any CPU = Release|Any CPU
	EndGlobalSection
	GlobalSection(ProjectConfigurationPlatforms) = postSolution
		{C2E0650A-AA12-496E-A479-38756DBEFE82}.Debug|Any CPU.ActiveCfg = Debug|Any CPU
		{C2E0650A-AA12-496E-A479-38756DBEFE82}.Debug|Any CPU.Build.0 = Debug|Any CPU
		{C2E0650A-AA12-496E-A479-38756DBEFE82}.Release|Any CPU.ActiveCfg = Release|Any CPU
		{C2E0650A-AA12-496E-A479-38756DBEFE82}.Release|Any CPU.Build.0 = Release|Any CPU
	EndGlobalSection
	GlobalSection(SolutionProperties) = preSolution
		HideSolutionNode = FALSE
	EndGlobalSection
	GlobalSection(ExtensibilityGlobals) = postSolution
		SolutionGuid = {AC7FF81A-D191-40E9-A7DC-D02E01CA5084}
	EndGlobalSection
EndGlobal
